
Microsoft Visual Studio Solution File, Format Version 12.00
# Visual Studio 15
VisualStudioVersion = 15.0.26430.16
MinimumVisualStudioVersion = 10.0.40219.1
Project("{FAE04EC0-301F-11D3-BF4B-00C04F79EFBC}") = "sample-web-api", "src\sample-web-api\sample-web-api.csproj", "{4D2D6B2E-46E3-480B-BB15-FFD3B425261E}"
EndProject
Project("{FAE04EC0-301F-11D3-BF4B-00C04F79EFBC}") = "sample-web-api-test", "test\sample-web-api-test\sample-web-api-test.csproj", "{EA8A5104-E681-4B08-BB31-B813695376D3}"
EndProject
Global
	GlobalSection(SolutionConfigurationPlatforms) = preSolution
		Debug|Any CPU = Debug|Any CPU
		Release|Any CPU = Release|Any CPU
	EndGlobalSection
	GlobalSection(ProjectConfigurationPlatforms) = postSolution
		{4D2D6B2E-46E3-480B-BB15-FFD3B425261E}.Debug|Any CPU.ActiveCfg = Debug|Any CPU
		{4D2D6B2E-46E3-480B-BB15-FFD3B425261E}.Debug|Any CPU.Build.0 = Debug|Any CPU
		{4D2D6B2E-46E3-480B-BB15-FFD3B425261E}.Release|Any CPU.ActiveCfg = Release|Any CPU
		{4D2D6B2E-46E3-480B-BB15-FFD3B425261E}.Release|Any CPU.Build.0 = Release|Any CPU
		{EA8A5104-E681-4B08-BB31-B813695376D3}.Debug|Any CPU.ActiveCfg = Debug|Any CPU
		{EA8A5104-E681-4B08-BB31-B813695376D3}.Debug|Any CPU.Build.0 = Debug|Any CPU
		{EA8A5104-E681-4B08-BB31-B813695376D3}.Release|Any CPU.ActiveCfg = Release|Any CPU
		{EA8A5104-E681-4B08-BB31-B813695376D3}.Release|Any CPU.Build.0 = Release|Any CPU
	EndGlobalSection
	GlobalSection(SolutionProperties) = preSolution
		HideSolutionNode = FALSE
	EndGlobalSection
EndGlobal
